
Microsoft Visual Studio Solution File, Format Version 12.00
# Visual Studio Version 16
VisualStudioVersion = 16.0.33927.289
MinimumVisualStudioVersion = 10.0.40219.1
Project("{2150E333-8FDC-42A3-9474-1A3956D46DE8}") = "Services", "Services", "{92C55243-6170-4A16-9C91-E588C8C93B24}"
EndProject
Project("{2150E333-8FDC-42A3-9474-1A3956D46DE8}") = "Catalog", "Catalog", "{FD06E720-AA87-4144-A152-E4C0BE18D325}"
EndProject
Project("{9A19103F-16F7-4668-BE54-9A1E7A4F7556}") = "FreeCourse.Services.Catalog", "Services\Catalog\FreeCourse.Services.Catalog\FreeCourse.Services.Catalog.csproj", "{194B1A6A-C68B-49D5-B520-2B7DFAC6123B}"
EndProject
Project("{2150E333-8FDC-42A3-9474-1A3956D46DE8}") = "Solution Items", "Solution Items", "{0BFFA8DF-2D92-4060-8736-345F9B825F19}"
	ProjectSection(SolutionItems) = preProject
		Ports.txt = Ports.txt
	EndProjectSection
EndProject
Project("{2150E333-8FDC-42A3-9474-1A3956D46DE8}") = "Shared", "Shared", "{4F8A73A2-F6E1-49A3-BF8A-254BA90BA3C2}"
EndProject
Project("{9A19103F-16F7-4668-BE54-9A1E7A4F7556}") = "FreeCourse.Shared", "Shared\FreeCourse.Shared\FreeCourse.Shared.csproj", "{218527AA-3007-45DE-9CE3-256A49AB835C}"
EndProject
Project("{2150E333-8FDC-42A3-9474-1A3956D46DE8}") = "IdentityServer", "IdentityServer", "{145EF7A6-A1A3-48C5-83B3-7D1F23F24B8B}"
EndProject
Project("{9A19103F-16F7-4668-BE54-9A1E7A4F7556}") = "FreeCourse.IdentityServer", "IdentityServer\FreeCourse.IdentityServer\FreeCourse.IdentityServer.csproj", "{B7CCEF05-F342-4A5D-87F0-CA2B90771524}"
EndProject
Project("{2150E333-8FDC-42A3-9474-1A3956D46DE8}") = "Photostock", "Photostock", "{48721712-97D8-422C-805E-35778B0C1850}"
EndProject
Project("{9A19103F-16F7-4668-BE54-9A1E7A4F7556}") = "FreeCourse.Services.PhotoStock", "Services\PhotoStock\FreeCourse.Services.PhotoStock\FreeCourse.Services.PhotoStock.csproj", "{1ABE6550-3993-4413-B7ED-E20679525E09}"
EndProject
Project("{2150E333-8FDC-42A3-9474-1A3956D46DE8}") = "Basket", "Basket", "{4B28DFF1-5F76-4A3B-9EDF-DF7F15F96EFA}"
EndProject
Project("{9A19103F-16F7-4668-BE54-9A1E7A4F7556}") = "FreeCourse.Services.Basket", "Services\Basket\FreeCourse.Services.Basket\FreeCourse.Services.Basket.csproj", "{A8D3B7CD-808E-4AE2-9C36-3F120770E3D1}"
EndProject
Project("{2150E333-8FDC-42A3-9474-1A3956D46DE8}") = "Discount", "Discount", "{65CA08D7-42D9-4B44-B378-08338725A64A}"
EndProject
Project("{FAE04EC0-301F-11D3-BF4B-00C04F79EFBC}") = "FreeCourse.Services.Discount", "Services\Discount\FreeCourse.Services.Discount\FreeCourse.Services.Discount.csproj", "{51F6E3D6-7BC8-406A-B310-1DE63504287B}"
EndProject
Project("{2150E333-8FDC-42A3-9474-1A3956D46DE8}") = "Order", "Order", "{F47BD567-2C26-45AA-A5F8-43506F1261B0}"
EndProject
Project("{FAE04EC0-301F-11D3-BF4B-00C04F79EFBC}") = "FreeCourse.Services.Order.API", "Services\Order\FreeCourse.Services.Order.API\FreeCourse.Services.Order.API.csproj", "{FFD439AD-0F7A-46B0-881E-557026A16187}"
EndProject
Project("{FAE04EC0-301F-11D3-BF4B-00C04F79EFBC}") = "FreeCourse.Services.Order.Application", "Services\Order\FreeCourse.Services.Order.Application\FreeCourse.Services.Order.Application.csproj", "{B5ADC52A-A428-40FE-B2F4-49B664DE0AE4}"
EndProject
Project("{FAE04EC0-301F-11D3-BF4B-00C04F79EFBC}") = "FreeCourse.Services.Order.Domain", "Services\Order\FreeCourse.Services.Order.Domain\FreeCourse.Services.Order.Domain.csproj", "{391B131C-1B85-4E12-AEFF-49262D05A063}"
EndProject
Project("{FAE04EC0-301F-11D3-BF4B-00C04F79EFBC}") = "FreeCourse.Services.Order.Domain.Core", "Services\Order\FreeCourse.Services.Order.Domain.Coure\FreeCourse.Services.Order.Domain.Core.csproj", "{CFD6D39B-08B6-443C-A85C-B4850C86991E}"
EndProject
Project("{FAE04EC0-301F-11D3-BF4B-00C04F79EFBC}") = "FreeCourse.Services.Order.Infrastructure", "Services\Order\FreeCourse.Services.Order.Infrastructure\FreeCourse.Services.Order.Infrastructure.csproj", "{DDD4264B-7CE2-43C5-B225-AAA6EBCC0AC5}"
EndProject
Project("{2150E333-8FDC-42A3-9474-1A3956D46DE8}") = "FakePayment", "FakePayment", "{A28C43BC-AEDC-4C3E-9CD3-CFBC13323F8A}"
EndProject
Project("{FAE04EC0-301F-11D3-BF4B-00C04F79EFBC}") = "FreeCourse.Services.Order.FakePayment", "Services\FakePayment\FreeCourse.Services.Order.FakePayment\FreeCourse.Services.Order.FakePayment.csproj", "{637C15EF-C72A-47B4-9B1B-D2A952B9A320}"
EndProject
Global
	GlobalSection(SolutionConfigurationPlatforms) = preSolution
		Debug|Any CPU = Debug|Any CPU
		Release|Any CPU = Release|Any CPU
	EndGlobalSection
	GlobalSection(ProjectConfigurationPlatforms) = postSolution
		{194B1A6A-C68B-49D5-B520-2B7DFAC6123B}.Debug|Any CPU.ActiveCfg = Debug|Any CPU
		{194B1A6A-C68B-49D5-B520-2B7DFAC6123B}.Debug|Any CPU.Build.0 = Debug|Any CPU
		{194B1A6A-C68B-49D5-B520-2B7DFAC6123B}.Release|Any CPU.ActiveCfg = Release|Any CPU
		{194B1A6A-C68B-49D5-B520-2B7DFAC6123B}.Release|Any CPU.Build.0 = Release|Any CPU
		{218527AA-3007-45DE-9CE3-256A49AB835C}.Debug|Any CPU.ActiveCfg = Debug|Any CPU
		{218527AA-3007-45DE-9CE3-256A49AB835C}.Debug|Any CPU.Build.0 = Debug|Any CPU
		{218527AA-3007-45DE-9CE3-256A49AB835C}.Release|Any CPU.ActiveCfg = Release|Any CPU
		{218527AA-3007-45DE-9CE3-256A49AB835C}.Release|Any CPU.Build.0 = Release|Any CPU
		{B7CCEF05-F342-4A5D-87F0-CA2B90771524}.Debug|Any CPU.ActiveCfg = Debug|Any CPU
		{B7CCEF05-F342-4A5D-87F0-CA2B90771524}.Debug|Any CPU.Build.0 = Debug|Any CPU
		{B7CCEF05-F342-4A5D-87F0-CA2B90771524}.Release|Any CPU.ActiveCfg = Release|Any CPU
		{B7CCEF05-F342-4A5D-87F0-CA2B90771524}.Release|Any CPU.Build.0 = Release|Any CPU
		{1ABE6550-3993-4413-B7ED-E20679525E09}.Debug|Any CPU.ActiveCfg = Debug|Any CPU
		{1ABE6550-3993-4413-B7ED-E20679525E09}.Debug|Any CPU.Build.0 = Debug|Any CPU
		{1ABE6550-3993-4413-B7ED-E20679525E09}.Release|Any CPU.ActiveCfg = Release|Any CPU
		{1ABE6550-3993-4413-B7ED-E20679525E09}.Release|Any CPU.Build.0 = Release|Any CPU
		{A8D3B7CD-808E-4AE2-9C36-3F120770E3D1}.Debug|Any CPU.ActiveCfg = Debug|Any CPU
		{A8D3B7CD-808E-4AE2-9C36-3F120770E3D1}.Debug|Any CPU.Build.0 = Debug|Any CPU
		{A8D3B7CD-808E-4AE2-9C36-3F120770E3D1}.Release|Any CPU.ActiveCfg = Release|Any CPU
		{A8D3B7CD-808E-4AE2-9C36-3F120770E3D1}.Release|Any CPU.Build.0 = Release|Any CPU
		{51F6E3D6-7BC8-406A-B310-1DE63504287B}.Debug|Any CPU.ActiveCfg = Debug|Any CPU
		{51F6E3D6-7BC8-406A-B310-1DE63504287B}.Debug|Any CPU.Build.0 = Debug|Any CPU
		{51F6E3D6-7BC8-406A-B310-1DE63504287B}.Release|Any CPU.ActiveCfg = Release|Any CPU
		{51F6E3D6-7BC8-406A-B310-1DE63504287B}.Release|Any CPU.Build.0 = Release|Any CPU
		{FFD439AD-0F7A-46B0-881E-557026A16187}.Debug|Any CPU.ActiveCfg = Debug|Any CPU
		{FFD439AD-0F7A-46B0-881E-557026A16187}.Debug|Any CPU.Build.0 = Debug|Any CPU
		{FFD439AD-0F7A-46B0-881E-557026A16187}.Release|Any CPU.ActiveCfg = Release|Any CPU
		{FFD439AD-0F7A-46B0-881E-557026A16187}.Release|Any CPU.Build.0 = Release|Any CPU
		{B5ADC52A-A428-40FE-B2F4-49B664DE0AE4}.Debug|Any CPU.ActiveCfg = Debug|Any CPU
		{B5ADC52A-A428-40FE-B2F4-49B664DE0AE4}.Debug|Any CPU.Build.0 = Debug|Any CPU
		{B5ADC52A-A428-40FE-B2F4-49B664DE0AE4}.Release|Any CPU.ActiveCfg = Release|Any CPU
		{B5ADC52A-A428-40FE-B2F4-49B664DE0AE4}.Release|Any CPU.Build.0 = Release|Any CPU
		{391B131C-1B85-4E12-AEFF-49262D05A063}.Debug|Any CPU.ActiveCfg = Debug|Any CPU
		{391B131C-1B85-4E12-AEFF-49262D05A063}.Debug|Any CPU.Build.0 = Debug|Any CPU
		{391B131C-1B85-4E12-AEFF-49262D05A063}.Release|Any CPU.ActiveCfg = Release|Any CPU
		{391B131C-1B85-4E12-AEFF-49262D05A063}.Release|Any CPU.Build.0 = Release|Any CPU
		{CFD6D39B-08B6-443C-A85C-B4850C86991E}.Debug|Any CPU.ActiveCfg = Debug|Any CPU
		{CFD6D39B-08B6-443C-A85C-B4850C86991E}.Debug|Any CPU.Build.0 = Debug|Any CPU
		{CFD6D39B-08B6-443C-A85C-B4850C86991E}.Release|Any CPU.ActiveCfg = Release|Any CPU
		{CFD6D39B-08B6-443C-A85C-B4850C86991E}.Release|Any CPU.Build.0 = Release|Any CPU
		{DDD4264B-7CE2-43C5-B225-AAA6EBCC0AC5}.Debug|Any CPU.ActiveCfg = Debug|Any CPU
		{DDD4264B-7CE2-43C5-B225-AAA6EBCC0AC5}.Debug|Any CPU.Build.0 = Debug|Any CPU
		{DDD4264B-7CE2-43C5-B225-AAA6EBCC0AC5}.Release|Any CPU.ActiveCfg = Release|Any CPU
		{DDD4264B-7CE2-43C5-B225-AAA6EBCC0AC5}.Release|Any CPU.Build.0 = Release|Any CPU
		{637C15EF-C72A-47B4-9B1B-D2A952B9A320}.Debug|Any CPU.ActiveCfg = Debug|Any CPU
		{637C15EF-C72A-47B4-9B1B-D2A952B9A320}.Debug|Any CPU.Build.0 = Debug|Any CPU
		{637C15EF-C72A-47B4-9B1B-D2A952B9A320}.Release|Any CPU.ActiveCfg = Release|Any CPU
		{637C15EF-C72A-47B4-9B1B-D2A952B9A320}.Release|Any CPU.Build.0 = Release|Any CPU
	EndGlobalSection
	GlobalSection(SolutionProperties) = preSolution
		HideSolutionNode = FALSE
	EndGlobalSection
	GlobalSection(NestedProjects) = preSolution
		{FD06E720-AA87-4144-A152-E4C0BE18D325} = {92C55243-6170-4A16-9C91-E588C8C93B24}
		{194B1A6A-C68B-49D5-B520-2B7DFAC6123B} = {FD06E720-AA87-4144-A152-E4C0BE18D325}
		{218527AA-3007-45DE-9CE3-256A49AB835C} = {4F8A73A2-F6E1-49A3-BF8A-254BA90BA3C2}
		{B7CCEF05-F342-4A5D-87F0-CA2B90771524} = {145EF7A6-A1A3-48C5-83B3-7D1F23F24B8B}
		{48721712-97D8-422C-805E-35778B0C1850} = {92C55243-6170-4A16-9C91-E588C8C93B24}
		{1ABE6550-3993-4413-B7ED-E20679525E09} = {48721712-97D8-422C-805E-35778B0C1850}
		{4B28DFF1-5F76-4A3B-9EDF-DF7F15F96EFA} = {92C55243-6170-4A16-9C91-E588C8C93B24}
		{A8D3B7CD-808E-4AE2-9C36-3F120770E3D1} = {4B28DFF1-5F76-4A3B-9EDF-DF7F15F96EFA}
		{65CA08D7-42D9-4B44-B378-08338725A64A} = {92C55243-6170-4A16-9C91-E588C8C93B24}
		{51F6E3D6-7BC8-406A-B310-1DE63504287B} = {65CA08D7-42D9-4B44-B378-08338725A64A}
		{F47BD567-2C26-45AA-A5F8-43506F1261B0} = {92C55243-6170-4A16-9C91-E588C8C93B24}
		{FFD439AD-0F7A-46B0-881E-557026A16187} = {F47BD567-2C26-45AA-A5F8-43506F1261B0}
		{B5ADC52A-A428-40FE-B2F4-49B664DE0AE4} = {F47BD567-2C26-45AA-A5F8-43506F1261B0}
		{391B131C-1B85-4E12-AEFF-49262D05A063} = {F47BD567-2C26-45AA-A5F8-43506F1261B0}
		{CFD6D39B-08B6-443C-A85C-B4850C86991E} = {F47BD567-2C26-45AA-A5F8-43506F1261B0}
		{DDD4264B-7CE2-43C5-B225-AAA6EBCC0AC5} = {F47BD567-2C26-45AA-A5F8-43506F1261B0}
		{A28C43BC-AEDC-4C3E-9CD3-CFBC13323F8A} = {92C55243-6170-4A16-9C91-E588C8C93B24}
		{637C15EF-C72A-47B4-9B1B-D2A952B9A320} = {A28C43BC-AEDC-4C3E-9CD3-CFBC13323F8A}
	EndGlobalSection
	GlobalSection(ExtensibilityGlobals) = postSolution
		SolutionGuid = {26A39210-D372-4051-B14A-21B6CCFA993E}
	EndGlobalSection
EndGlobal
